# THIS IS AN AUTOGENERATED FILE. DO NOT EDIT THIS FILE DIRECTLY.
# yarn lockfile v1


"@cubejs-backend/query-orchestrator@^0.19.60":
  version "0.19.60"
  resolved "https://registry.yarnpkg.com/@cubejs-backend/query-orchestrator/-/query-orchestrator-0.19.60.tgz#e3da7e98b3027bc1ffa63659c2e1b96184830d10"
  integrity sha512-KHfDneCLgJeHm3xWH5Q+U7HM1w7bIudzBXnKxqXUtZtRGAOe9VOyJxm9PDioOLSlenltr8/m307KvCeNvNfzpQ==
  dependencies:
    generic-pool "^3.7.1"
    ramda "^0.27.0"
    redis "^3.0.2"

aws-sdk@^2.403.0:
  version "2.729.0"
  resolved "https://registry.yarnpkg.com/aws-sdk/-/aws-sdk-2.729.0.tgz#3d850f7825b94b5d8b2aca58ec096973bc4c7e34"
  integrity sha512-x5q/+9wM37tBYCmYNGMj+aU9qeXqhbUH0Dz3wlSpAW55+N4NwlBbpqhyCV3oF9bePEJtEnxLGWNXpb9BNWNhew==
  dependencies:
    buffer "4.9.2"
    events "1.1.1"
    ieee754 "1.1.13"
    jmespath "0.15.0"
    querystring "0.2.0"
    sax "1.2.1"
    url "0.10.3"
    uuid "3.3.2"
    xml2js "0.4.19"

base64-js@^1.0.2:
  version "1.3.0"
  resolved "https://registry.yarnpkg.com/base64-js/-/base64-js-1.3.0.tgz#cab1e6118f051095e58b5281aea8c1cd22bfc0e3"
  integrity sha512-ccav/yGvoa80BQDljCxsmmQ3Xvx60/UpBIij5QN21W3wBi/hhIC9OoO+KLpu9IJTS9j4DRVJ3aDDF9cMSoa2lw==

buffer@4.9.2:
  version "4.9.2"
  resolved "https://registry.yarnpkg.com/buffer/-/buffer-4.9.2.tgz#230ead344002988644841ab0244af8c44bbe3ef8"
  integrity sha512-xq+q3SRMOxGivLhBNaUdC64hDTQwejJ+H0T/NB1XMtTVEwNTrfFF3gAxiyW0Bu/xWEGhjVKgUcMhCrUy2+uCWg==
  dependencies:
    base64-js "^1.0.2"
    ieee754 "^1.1.4"
    isarray "^1.0.0"

denque@^1.4.1:
  version "1.4.1"
  resolved "https://registry.yarnpkg.com/denque/-/denque-1.4.1.tgz#6744ff7641c148c3f8a69c307e51235c1f4a37cf"
  integrity sha512-OfzPuSZKGcgr96rf1oODnfjqBFmr1DVoc/TrItj3Ohe0Ah1C5WX5Baquw/9U9KovnQ88EqmJbD66rKYUQYN1tQ==

events@1.1.1:
  version "1.1.1"
  resolved "https://registry.yarnpkg.com/events/-/events-1.1.1.tgz#9ebdb7635ad099c70dcc4c2a1f5004288e8bd924"
  integrity sha1-nr23Y1rQmccNzEwqH1AEKI6L2SQ=

generic-pool@^3.7.1:
  version "3.7.1"
  resolved "https://registry.yarnpkg.com/generic-pool/-/generic-pool-3.7.1.tgz#36fe5bb83e7e0e032e5d32cd05dc00f5ff119aa8"
  integrity sha512-ug6DAZoNgWm6q5KhPFA+hzXfBLFQu5sTXxPpv44DmE0A2g+CiHoq9LTVdkXpZMkYVMoGw83F6W+WT0h0MFMK/w==

ieee754@1.1.13, ieee754@^1.1.4:
  version "1.1.13"
  resolved "https://registry.yarnpkg.com/ieee754/-/ieee754-1.1.13.tgz#ec168558e95aa181fd87d37f55c32bbcb6708b84"
  integrity sha512-4vf7I2LYV/HaWerSo3XmlMkp5eZ83i+/CDluXi/IGTs/O1sejBNhTtnxzmRZfvOUqj7lZjqHkeTvpgSFDlWZTg==

isarray@^1.0.0:
  version "1.0.0"
  resolved "https://registry.yarnpkg.com/isarray/-/isarray-1.0.0.tgz#bb935d48582cba168c06834957a54a3e07124f11"
  integrity sha1-u5NdSFgsuhaMBoNJV6VKPgcSTxE=

jmespath@0.15.0:
  version "0.15.0"
  resolved "https://registry.yarnpkg.com/jmespath/-/jmespath-0.15.0.tgz#a3f222a9aae9f966f5d27c796510e28091764217"
  integrity sha1-o/Iiqarp+Wb10nx5ZRDigJF2Qhc=

punycode@1.3.2:
  version "1.3.2"
  resolved "https://registry.yarnpkg.com/punycode/-/punycode-1.3.2.tgz#9653a036fb7c1ee42342f2325cceefea3926c48d"
  integrity sha1-llOgNvt8HuQjQvIyXM7v6jkmxI0=

querystring@0.2.0:
  version "0.2.0"
  resolved "https://registry.yarnpkg.com/querystring/-/querystring-0.2.0.tgz#b209849203bb25df820da756e747005878521620"
  integrity sha1-sgmEkgO7Jd+CDadW50cAWHhSFiA=

ramda@^0.27.0:
  version "0.27.0"
  resolved "https://registry.yarnpkg.com/ramda/-/ramda-0.27.0.tgz#915dc29865c0800bf3f69b8fd6c279898b59de43"
  integrity sha512-pVzZdDpWwWqEVVLshWUHjNwuVP7SfcmPraYuqocJp1yo2U1R7P+5QAfDhdItkuoGqIBnBYrtPp7rEPqDn9HlZA==

redis-commands@^1.5.0:
  version "1.6.0"
  resolved "https://registry.yarnpkg.com/redis-commands/-/redis-commands-1.6.0.tgz#36d4ca42ae9ed29815cdb30ad9f97982eba1ce23"
  integrity sha512-2jnZ0IkjZxvguITjFTrGiLyzQZcTvaw8DAaCXxZq/dsHXz7KfMQ3OUJy7Tz9vnRtZRVz6VRCPDvruvU8Ts44wQ==

redis-errors@^1.0.0, redis-errors@^1.2.0:
  version "1.2.0"
  resolved "https://registry.yarnpkg.com/redis-errors/-/redis-errors-1.2.0.tgz#eb62d2adb15e4eaf4610c04afe1529384250abad"
  integrity sha1-62LSrbFeTq9GEMBK/hUpOEJQq60=

redis-parser@^3.0.0:
  version "3.0.0"
  resolved "https://registry.yarnpkg.com/redis-parser/-/redis-parser-3.0.0.tgz#b66d828cdcafe6b4b8a428a7def4c6bcac31c8b4"
  integrity sha1-tm2CjNyv5rS4pCin3vTGvKwxyLQ=
  dependencies:
    redis-errors "^1.0.0"

redis@^3.0.2:
  version "3.0.2"
  resolved "https://registry.yarnpkg.com/redis/-/redis-3.0.2.tgz#bd47067b8a4a3e6a2e556e57f71cc82c7360150a"
  integrity sha512-PNhLCrjU6vKVuMOyFu7oSP296mwBkcE6lrAjruBYG5LgdSqtRBoVQIylrMyVZD/lkF24RSNNatzvYag6HRBHjQ==
  dependencies:
    denque "^1.4.1"
    redis-commands "^1.5.0"
    redis-errors "^1.2.0"
    redis-parser "^3.0.0"

sax@1.2.1:
  version "1.2.1"
  resolved "https://registry.yarnpkg.com/sax/-/sax-1.2.1.tgz#7b8e656190b228e81a66aea748480d828cd2d37a"
  integrity sha1-e45lYZCyKOgaZq6nSEgNgozS03o=

sax@>=0.6.0:
  version "1.2.4"
  resolved "https://registry.yarnpkg.com/sax/-/sax-1.2.4.tgz#2816234e2378bddc4e5354fab5caa895df7100d9"
  integrity sha512-NqVDv9TpANUjFm0N8uM5GxL36UgKi9/atZw+x7YFnQ8ckwFGKrl4xX4yWtrey3UJm5nP1kUbnYgLopqWNSRhWw==

sqlstring@^2.3.1:
  version "2.3.1"
  resolved "https://registry.yarnpkg.com/sqlstring/-/sqlstring-2.3.1.tgz#475393ff9e91479aea62dcaf0ca3d14983a7fb40"
  integrity sha1-R1OT/56RR5rqYtyvDKPRSYOn+0A=

url@0.10.3:
  version "0.10.3"
  resolved "https://registry.yarnpkg.com/url/-/url-0.10.3.tgz#021e4d9c7705f21bbf37d03ceb58767402774c64"
  integrity sha1-Ah5NnHcF8hu/N9A861h2dAJ3TGQ=
  dependencies:
    punycode "1.3.2"
    querystring "0.2.0"

uuid@3.3.2:
  version "3.3.2"
  resolved "https://registry.yarnpkg.com/uuid/-/uuid-3.3.2.tgz#1b4af4955eb3077c501c23872fc6513811587131"
  integrity sha512-yXJmeNaw3DnnKAOKJE51sL/ZaYfWJRl1pK9dr19YFCu0ObS231AB1/LbqTKRAQ5kw8A90rA6fr4riOUpTZvQZA==

xml2js@0.4.19:
  version "0.4.19"
  resolved "https://registry.yarnpkg.com/xml2js/-/xml2js-0.4.19.tgz#686c20f213209e94abf0d1bcf1efaa291c7827a7"
  integrity sha512-esZnJZJOiJR9wWKMyuvSE1y6Dq5LCuJanqhxslH2bxM6duahNZ+HMpCLhBQGZkbX6xRf8x1Y2eJlgt2q3qo49Q==
  dependencies:
    sax ">=0.6.0"
    xmlbuilder "~9.0.1"

xmlbuilder@~9.0.1:
  version "9.0.7"
  resolved "https://registry.yarnpkg.com/xmlbuilder/-/xmlbuilder-9.0.7.tgz#132ee63d2ec5565c557e20f4c22df9aca686b10d"
  integrity sha1-Ey7mPS7FVlxVfiD0wi35rKaGsQ0=
