# THIS IS AN AUTOGENERATED FILE. DO NOT EDIT THIS FILE DIRECTLY.
# yarn lockfile v1


"@types/dockerode@^2.5.34":
  version "2.5.34"
  resolved "https://registry.yarnpkg.com/@types/dockerode/-/dockerode-2.5.34.tgz#9adb884f7cc6c012a6eb4b2ad794cc5d01439959"
  integrity sha512-LcbLGcvcBwBAvjH9UrUI+4qotY+A5WCer5r43DR5XHv2ZIEByNXFdPLo1XxR+v/BjkGjlggW8qUiXuVEhqfkpA==
  dependencies:
    "@types/node" "*"

"@types/node@*":
  version "14.11.2"
  resolved "https://registry.yarnpkg.com/@types/node/-/node-14.11.2.tgz#2de1ed6670439387da1c9f549a2ade2b0a799256"
  integrity sha512-jiE3QIxJ8JLNcb1Ps6rDbysDhN4xa8DJJvuC9prr6w+1tIh+QAbYyNF3tyiZNLDBIuBCf4KEcV2UvQm/V60xfA==

any-promise@^1.1.0:
  version "1.3.0"
  resolved "https://registry.yarnpkg.com/any-promise/-/any-promise-1.3.0.tgz#abc6afeedcea52e809cdc0376aed3ce39635d17f"
  integrity sha1-q8av7tzqUugJzcA3au0845Y10X8=

asn1@~0.2.0:
  version "0.2.4"
  resolved "https://registry.yarnpkg.com/asn1/-/asn1-0.2.4.tgz#8d2475dfab553bb33e77b54e59e880bb8ce23136"
  integrity sha512-jxwzQpLQjSmWXgwaCZE9Nz+glAG01yF1QnWgbhGwHI5A6FRIEY6IVqtHhIepHqI7/kyEyQEagBC5mBEFlIYvdg==
  dependencies:
    safer-buffer "~2.1.0"

balanced-match@^1.0.0:
  version "1.0.0"
  resolved "https://registry.yarnpkg.com/balanced-match/-/balanced-match-1.0.0.tgz#89b4d199ab2bee49de164ea02b89ce462d71b767"
  integrity sha1-ibTRmasr7kneFk6gK4nORi1xt2c=

base64-js@^1.0.2:
  version "1.3.1"
  resolved "https://registry.yarnpkg.com/base64-js/-/base64-js-1.3.1.tgz#58ece8cb75dd07e71ed08c736abc5fac4dbf8df1"
  integrity sha512-mLQ4i2QO1ytvGWFWmcngKO//JXAQueZvwEKtjgQFM4jIK0kU+ytMfplL8j+n5mspOfjHwoAg+9yhb7BwAHm36g==

bcrypt-pbkdf@^1.0.2:
  version "1.0.2"
  resolved "https://registry.yarnpkg.com/bcrypt-pbkdf/-/bcrypt-pbkdf-1.0.2.tgz#a4301d389b6a43f9b67ff3ca11a3f6637e360e9e"
  integrity sha1-pDAdOJtqQ/m2f/PKEaP2Y342Dp4=
  dependencies:
    tweetnacl "^0.14.3"

bl@^4.0.3:
  version "4.0.3"
  resolved "https://registry.yarnpkg.com/bl/-/bl-4.0.3.tgz#12d6287adc29080e22a705e5764b2a9522cdc489"
  integrity sha512-fs4G6/Hu4/EE+F75J8DuN/0IpQqNjAdC7aEQv7Qt8MHGUH7Ckv2MwTEEeN9QehD0pfIDkMI1bkHYkKy7xHyKIg==
  dependencies:
    buffer "^5.5.0"
    inherits "^2.0.4"
    readable-stream "^3.4.0"

brace-expansion@^1.1.7:
  version "1.1.11"
  resolved "https://registry.yarnpkg.com/brace-expansion/-/brace-expansion-1.1.11.tgz#3c7fcbf529d87226f3d2f52b966ff5271eb441dd"
  integrity sha512-iCuPHDFgrHX7H2vEI/5xpz07zSHB00TpugqhmYtVmMO6518mCuRMoOYFldEBl0g187ufozdaHgWKcYFb61qGiA==
  dependencies:
    balanced-match "^1.0.0"
    concat-map "0.0.1"

buffer@^5.5.0:
  version "5.6.0"
  resolved "https://registry.yarnpkg.com/buffer/-/buffer-5.6.0.tgz#a31749dc7d81d84db08abf937b6b8c4033f62786"
  integrity sha512-/gDYp/UtU0eA1ys8bOs9J6a+E/KWIY+DZ+Q2WESNUA0jFRsJOc0SNUO6xJ5SGA1xueg3NL65W6s+NY5l9cunuw==
  dependencies:
    base64-js "^1.0.2"
    ieee754 "^1.1.4"

byline@^5.0.0:
  version "5.0.0"
  resolved "https://registry.yarnpkg.com/byline/-/byline-5.0.0.tgz#741c5216468eadc457b03410118ad77de8c1ddb1"
  integrity sha1-dBxSFkaOrcRXsDQQEYrXfejB3bE=

chownr@^1.1.1:
  version "1.1.4"
  resolved "https://registry.yarnpkg.com/chownr/-/chownr-1.1.4.tgz#6fc9d7b42d32a583596337666e7d08084da2cc6b"
  integrity sha512-jJ0bqzaylmJtVnNgzTeSOs8DPavpbYgEr/b0YL8/2GO3xJEhInFmhKMUnEJQjZumK7KXGFhUy89PrsJWlakBVg==

concat-map@0.0.1:
  version "0.0.1"
  resolved "https://registry.yarnpkg.com/concat-map/-/concat-map-0.0.1.tgz#d8a96bd77fd68df7793a73036a3ba0d5405d477b"
  integrity sha1-2Klr13/Wjfd5OnMDajug1UBdR3s=

debug@^4.1.1:
  version "4.2.0"
  resolved "https://registry.yarnpkg.com/debug/-/debug-4.2.0.tgz#7f150f93920e94c58f5574c2fd01a3110effe7f1"
  integrity sha512-IX2ncY78vDTjZMFUdmsvIRFY2Cf4FnD0wRs+nQwJU8Lu99/tPFdb0VybiiMTPe3I6rQmwsqQqRBvxU+bZ/I8sg==
  dependencies:
    ms "2.1.2"

docker-compose@^0.23.5:
  version "0.23.5"
  resolved "https://registry.yarnpkg.com/docker-compose/-/docker-compose-0.23.5.tgz#8dd338d1a89cfbc968faa4a61a7cfbbcece7138b"
  integrity sha512-y3swhij4q3pyX45kJH7OMHZjoHPfiaTe8RPAQQ9fbamKQHI+k+1HnZm0T9NbbMFusTn0het0eK4WjXGM+rcF2A==

docker-modem@^2.1.0:
  version "2.1.4"
  resolved "https://registry.yarnpkg.com/docker-modem/-/docker-modem-2.1.4.tgz#54ec1079287624a8d30cc3c55ab0e1201e7c46c9"
  integrity sha512-vDTzZjjO1sXMY7m0xKjGdFMMZL7vIUerkC3G4l6rnrpOET2M6AOufM8ajmQoOB+6RfSn6I/dlikCUq/Y91Q1sQ==
  dependencies:
    debug "^4.1.1"
    readable-stream "^3.5.0"
    split-ca "^1.0.1"
    ssh2 "^0.8.7"

dockerode@^3.2.1:
  version "3.2.1"
  resolved "https://registry.yarnpkg.com/dockerode/-/dockerode-3.2.1.tgz#4a2222e3e1df536bf595e78e76d3cfbf6d4d93b9"
  integrity sha512-XsSVB5Wu5HWMg1aelV5hFSqFJaKS5x1aiV/+sT7YOzOq1IRl49I/UwV8Pe4x6t0iF9kiGkWu5jwfvbkcFVupBw==
  dependencies:
    docker-modem "^2.1.0"
    tar-fs "~2.0.1"

end-of-stream@^1.1.0, end-of-stream@^1.4.1:
  version "1.4.4"
  resolved "https://registry.yarnpkg.com/end-of-stream/-/end-of-stream-1.4.4.tgz#5ae64a5f45057baf3626ec14da0ca5e4b2431eb0"
  integrity sha512-+uw1inIHVPQoaVuHzRyXd21icM+cnt4CzD5rW+NC1wjOUSTOs+Te7FOv7AhN7vS9x/oIyhLP5PR1H+phQAHu5Q==
  dependencies:
    once "^1.4.0"

fs-constants@^1.0.0:
  version "1.0.0"
  resolved "https://registry.yarnpkg.com/fs-constants/-/fs-constants-1.0.0.tgz#6be0de9be998ce16af8afc24497b9ee9b7ccd9ad"
  integrity sha512-y6OAwoSIf7FyjMIv94u+b5rdheZEjzR63GTyZJm5qh4Bi+2YgwLCcI/fPFZkL5PSixOt6ZNKm+w+Hfp/Bciwow==

fs.realpath@^1.0.0:
  version "1.0.0"
  resolved "https://registry.yarnpkg.com/fs.realpath/-/fs.realpath-1.0.0.tgz#1504ad2523158caa40db4a2787cb01411994ea4f"
  integrity sha1-FQStJSMVjKpA20onh8sBQRmU6k8=

get-port@^5.1.1:
  version "5.1.1"
  resolved "https://registry.yarnpkg.com/get-port/-/get-port-5.1.1.tgz#0469ed07563479de6efb986baf053dcd7d4e3193"
  integrity sha512-g/Q1aTSDOxFpchXC4i8ZWvxA1lnPqx/JHqcpIw0/LX9T8x/GBbi6YnlN5nhaKIFkT8oFsscUKgDJYxfwfS6QsQ==

glob@^7.1.6:
  version "7.1.6"
  resolved "https://registry.yarnpkg.com/glob/-/glob-7.1.6.tgz#141f33b81a7c2492e125594307480c46679278a6"
  integrity sha512-LwaxwyZ72Lk7vZINtNNrywX0ZuLyStrdDtabefZKAY5ZGJhVtgdznluResxNmPitE0SAO+O26sWTHeKSI2wMBA==
  dependencies:
    fs.realpath "^1.0.0"
    inflight "^1.0.4"
    inherits "2"
    minimatch "^3.0.4"
    once "^1.3.0"
    path-is-absolute "^1.0.0"

ieee754@^1.1.4:
  version "1.1.13"
  resolved "https://registry.yarnpkg.com/ieee754/-/ieee754-1.1.13.tgz#ec168558e95aa181fd87d37f55c32bbcb6708b84"
  integrity sha512-4vf7I2LYV/HaWerSo3XmlMkp5eZ83i+/CDluXi/IGTs/O1sejBNhTtnxzmRZfvOUqj7lZjqHkeTvpgSFDlWZTg==

inflight@^1.0.4:
  version "1.0.6"
  resolved "https://registry.yarnpkg.com/inflight/-/inflight-1.0.6.tgz#49bd6331d7d02d0c09bc910a1075ba8165b56df9"
  integrity sha1-Sb1jMdfQLQwJvJEKEHW6gWW1bfk=
  dependencies:
    once "^1.3.0"
    wrappy "1"

inherits@2, inherits@^2.0.3, inherits@^2.0.4:
  version "2.0.4"
  resolved "https://registry.yarnpkg.com/inherits/-/inherits-2.0.4.tgz#0fa2c64f932917c3433a0ded55363aae37416b7c"
  integrity sha512-k/vGaX4/Yla3WzyMCvTQOXYeIHvqOKtnqBduzTHpzpQZzAskKMhZ2K+EnBiSM9zGSoIFeMpXKxa4dYeZIQqewQ==

minimatch@^3.0.4:
  version "3.0.4"
  resolved "https://registry.yarnpkg.com/minimatch/-/minimatch-3.0.4.tgz#5166e286457f03306064be5497e8dbb0c3d32083"
  integrity sha512-yJHVQEhyqPLUTgt9B83PXu6W3rx4MvvHvSUvToogpwoGDOUQ+yDrR0HRot+yOCdCO7u4hX3pWft6kWBBcqh0UA==
  dependencies:
    brace-expansion "^1.1.7"

mkdirp-classic@^0.5.2:
  version "0.5.3"
  resolved "https://registry.yarnpkg.com/mkdirp-classic/-/mkdirp-classic-0.5.3.tgz#fa10c9115cc6d8865be221ba47ee9bed78601113"
  integrity sha512-gKLcREMhtuZRwRAfqP3RFW+TK4JqApVBtOIftVgjuABpAtpxhPGaDcfvbhNvD0B8iD1oUr/txX35NjcaY6Ns/A==

ms@2.1.2:
  version "2.1.2"
  resolved "https://registry.yarnpkg.com/ms/-/ms-2.1.2.tgz#d09d1f357b443f493382a8eb3ccd183872ae6009"
  integrity sha512-sGkPx+VjMtmA6MX27oA4FBFELFCZZ4S4XqeGOXCv68tT+jb3vk/RyaKWP0PTKyWtmLSM0b+adUTEvbs1PEaH2w==

node-duration@^1.0.4:
  version "1.0.4"
  resolved "https://registry.yarnpkg.com/node-duration/-/node-duration-1.0.4.tgz#3e94ecc0e473691c89c4560074503362071cecac"
  integrity sha512-eUXYNSY7DL53vqfTosggWkvyIW3bhAcqBDIlolgNYlZhianXTrCL50rlUJWD1eRqkIxMppXTfiFbp+9SjpPrgA==

once@^1.3.0, once@^1.3.1, once@^1.4.0:
  version "1.4.0"
  resolved "https://registry.yarnpkg.com/once/-/once-1.4.0.tgz#583b1aa775961d4b113ac17d9c50baef9dd76bd1"
  integrity sha1-WDsap3WWHUsROsF9nFC6753Xa9E=
  dependencies:
    wrappy "1"

path-is-absolute@^1.0.0:
  version "1.0.1"
  resolved "https://registry.yarnpkg.com/path-is-absolute/-/path-is-absolute-1.0.1.tgz#174b9268735534ffbc7ace6bf53a5a9e1b5c5f5f"
  integrity sha1-F0uSaHNVNP+8es5r9TpanhtcX18=

pump@^3.0.0:
  version "3.0.0"
  resolved "https://registry.yarnpkg.com/pump/-/pump-3.0.0.tgz#b4a2116815bde2f4e1ea602354e8c75565107a64"
  integrity sha512-LwZy+p3SFs1Pytd/jYct4wpv49HiYCqd9Rlc5ZVdk0V+8Yzv6jR5Blk3TRmPL1ft69TxP0IMZGJ+WPFU2BFhww==
  dependencies:
    end-of-stream "^1.1.0"
    once "^1.3.1"

readable-stream@^3.1.1, readable-stream@^3.4.0, readable-stream@^3.5.0:
  version "3.6.0"
  resolved "https://registry.yarnpkg.com/readable-stream/-/readable-stream-3.6.0.tgz#337bbda3adc0706bd3e024426a286d4b4b2c9198"
  integrity sha512-BViHy7LKeTz4oNnkcLJ+lVSL6vpiFeX6/d3oSH8zCW7UxP2onchk+vTGB143xuFjHS3deTgkKoXXymXqymiIdA==
  dependencies:
    inherits "^2.0.3"
    string_decoder "^1.1.1"
    util-deprecate "^1.0.1"

safe-buffer@~5.2.0:
  version "5.2.1"
  resolved "https://registry.yarnpkg.com/safe-buffer/-/safe-buffer-5.2.1.tgz#1eaf9fa9bdb1fdd4ec75f58f9cdb4e6b7827eec6"
  integrity sha512-rp3So07KcdmmKbGvgaNxQSJr7bGVSVk5S9Eq1F+ppbRo70+YeaDxkw5Dd8NPN+GD6bjnYm2VuPuCXmpuYvmCXQ==

safer-buffer@~2.1.0:
  version "2.1.2"
  resolved "https://registry.yarnpkg.com/safer-buffer/-/safer-buffer-2.1.2.tgz#44fa161b0187b9549dd84bb91802f9bd8385cd6a"
  integrity sha512-YZo3K82SD7Riyi0E1EQPojLz7kpepnSQI9IyPbHHg1XXXevb5dJI7tpyN2ADxGcQbHG7vcyRHk0cbwqcQriUtg==

split-ca@^1.0.1:
  version "1.0.1"
  resolved "https://registry.yarnpkg.com/split-ca/-/split-ca-1.0.1.tgz#6c83aff3692fa61256e0cd197e05e9de157691a6"
  integrity sha1-bIOv82kvphJW4M0ZfgXp3hV2kaY=

ssh2-streams@~0.4.10:
  version "0.4.10"
  resolved "https://registry.yarnpkg.com/ssh2-streams/-/ssh2-streams-0.4.10.tgz#48ef7e8a0e39d8f2921c30521d56dacb31d23a34"
  integrity sha512-8pnlMjvnIZJvmTzUIIA5nT4jr2ZWNNVHwyXfMGdRJbug9TpI3kd99ffglgfSWqujVv/0gxwMsDn9j9RVst8yhQ==
  dependencies:
    asn1 "~0.2.0"
    bcrypt-pbkdf "^1.0.2"
    streamsearch "~0.1.2"

ssh2@^0.8.7:
  version "0.8.9"
  resolved "https://registry.yarnpkg.com/ssh2/-/ssh2-0.8.9.tgz#54da3a6c4ba3daf0d8477a538a481326091815f3"
  integrity sha512-GmoNPxWDMkVpMFa9LVVzQZHF6EW3WKmBwL+4/GeILf2hFmix5Isxm7Amamo8o7bHiU0tC+wXsGcUXOxp8ChPaw==
  dependencies:
    ssh2-streams "~0.4.10"

stream-to-array@^2.3.0:
  version "2.3.0"
  resolved "https://registry.yarnpkg.com/stream-to-array/-/stream-to-array-2.3.0.tgz#bbf6b39f5f43ec30bc71babcb37557acecf34353"
  integrity sha1-u/azn19D7DC8cbq8s3VXrOzzQ1M=
  dependencies:
    any-promise "^1.1.0"

streamsearch@~0.1.2:
  version "0.1.2"
  resolved "https://registry.yarnpkg.com/streamsearch/-/streamsearch-0.1.2.tgz#808b9d0e56fc273d809ba57338e929919a1a9f1a"
  integrity sha1-gIudDlb8Jz2Am6VzOOkpkZoanxo=

string_decoder@^1.1.1:
  version "1.3.0"
  resolved "https://registry.yarnpkg.com/string_decoder/-/string_decoder-1.3.0.tgz#42f114594a46cf1a8e30b0a84f56c78c3edac21e"
  integrity sha512-hkRX8U1WjJFd8LsDJ2yQ/wWWxaopEsABU1XfkM8A+j0+85JAGppt16cr1Whg6KIbb4okU6Mql6BOj+uup/wKeA==
  dependencies:
    safe-buffer "~5.2.0"

tar-fs@^2.1.0:
  version "2.1.0"
  resolved "https://registry.yarnpkg.com/tar-fs/-/tar-fs-2.1.0.tgz#d1cdd121ab465ee0eb9ccde2d35049d3f3daf0d5"
  integrity sha512-9uW5iDvrIMCVpvasdFHW0wJPez0K4JnMZtsuIeDI7HyMGJNxmDZDOCQROr7lXyS+iL/QMpj07qcjGYTSdRFXUg==
  dependencies:
    chownr "^1.1.1"
    mkdirp-classic "^0.5.2"
    pump "^3.0.0"
    tar-stream "^2.0.0"

tar-fs@~2.0.1:
  version "2.0.1"
  resolved "https://registry.yarnpkg.com/tar-fs/-/tar-fs-2.0.1.tgz#e44086c1c60d31a4f0cf893b1c4e155dabfae9e2"
  integrity sha512-6tzWDMeroL87uF/+lin46k+Q+46rAJ0SyPGz7OW7wTgblI273hsBqk2C1j0/xNadNLKDTUL9BukSjB7cwgmlPA==
  dependencies:
    chownr "^1.1.1"
    mkdirp-classic "^0.5.2"
    pump "^3.0.0"
    tar-stream "^2.0.0"

tar-stream@^2.0.0:
  version "2.1.4"
  resolved "https://registry.yarnpkg.com/tar-stream/-/tar-stream-2.1.4.tgz#c4fb1a11eb0da29b893a5b25476397ba2d053bfa"
  integrity sha512-o3pS2zlG4gxr67GmFYBLlq+dM8gyRGUOvsrHclSkvtVtQbjV0s/+ZE8OpICbaj8clrX3tjeHngYGP7rweaBnuw==
  dependencies:
    bl "^4.0.3"
    end-of-stream "^1.4.1"
    fs-constants "^1.0.0"
    inherits "^2.0.3"
    readable-stream "^3.1.1"

testcontainers@^4.0.9:
  version "4.0.9"
  resolved "https://registry.yarnpkg.com/testcontainers/-/testcontainers-4.0.9.tgz#36164f082991b7cd1be5d8407d14a9c1aa006cae"
  integrity sha512-Nxu7BSXGYWukHMN+E8bRUQ5v2Ag/e7RhZIobtvKA5NcqMXaPRWaSanCJBD+iLiE6qyMsDRQ+GAh98xcivOIzRA==
  dependencies:
    "@types/dockerode" "^2.5.34"
    byline "^5.0.0"
    debug "^4.1.1"
    docker-compose "^0.23.5"
    dockerode "^3.2.1"
    get-port "^5.1.1"
    glob "^7.1.6"
    node-duration "^1.0.4"
    stream-to-array "^2.3.0"
    tar-fs "^2.1.0"

tweetnacl@^0.14.3:
  version "0.14.5"
  resolved "https://registry.yarnpkg.com/tweetnacl/-/tweetnacl-0.14.5.tgz#5ae68177f192d4456269d108afa93ff8743f4f64"
  integrity sha1-WuaBd/GS1EViadEIr6k/+HQ/T2Q=

typescript@^4.0.3:
  version "4.0.3"
  resolved "https://registry.yarnpkg.com/typescript/-/typescript-4.0.3.tgz#153bbd468ef07725c1df9c77e8b453f8d36abba5"
  integrity sha512-tEu6DGxGgRJPb/mVPIZ48e69xCn2yRmCgYmDugAVwmJ6o+0u1RI18eO7E7WBTLYLaEVVOhwQmcdhQHweux/WPg==

util-deprecate@^1.0.1:
  version "1.0.2"
  resolved "https://registry.yarnpkg.com/util-deprecate/-/util-deprecate-1.0.2.tgz#450d4dc9fa70de732762fbd2d4a28981419a0ccf"
  integrity sha1-RQ1Nyfpw3nMnYvvS1KKJgUGaDM8=

wrappy@1:
  version "1.0.2"
  resolved "https://registry.yarnpkg.com/wrappy/-/wrappy-1.0.2.tgz#b5243d8f3ec1aa35f1364605bc0d1036e30ab69f"
  integrity sha1-tSQ9jz7BqjXxNkYFvA0QNuMKtp8=
