# This file is automatically @generated by Cargo.
# It is not intended for manual editing.
version = 4

[[package]]
name = "bitflags"
version = "2.11.1"
source = "registry+https://github.com/rust-lang/crates.io-index"
checksum = "c4512299f36f043ab09a583e57bceb5a5aab7a73db1805848e8fef3c9e8c78b3"

[[package]]
name = "cubeshared"
version = "0.1.0"
dependencies = [
 "flatbuffers",
]

[[package]]
name = "flatbuffers"
version = "25.12.19"
source = "registry+https://github.com/rust-lang/crates.io-index"
checksum = "35f6839d7b3b98adde531effaf34f0c2badc6f4735d26fe74709d8e513a96ef3"
dependencies = [
 "bitflags",
 "rustc_version",
]

[[package]]
name = "rustc_version"
version = "0.4.1"
source = "registry+https://github.com/rust-lang/crates.io-index"
checksum = "cfcb3a22ef46e85b45de6ee7e79d063319ebb6594faafcf1c225ea92ab6e9b92"
dependencies = [
 "semver",
]

[[package]]
name = "semver"
version = "1.0.23"
source = "registry+https://github.com/rust-lang/crates.io-index"
checksum = "61697e0a1c7e512e84a621326239844a24d8207b4669b41bc18b32ea5cbf988b"
