# THIS IS AN AUTOGENERATED FILE. DO NOT EDIT THIS FILE DIRECTLY.
# yarn lockfile v1


"@babel/code-frame@^7.0.0", "@babel/code-frame@^7.5.5":
  version "7.5.5"
  resolved "https://registry.yarnpkg.com/@babel/code-frame/-/code-frame-7.5.5.tgz#bc0782f6d69f7b7d49531219699b988f669a8f9d"
  integrity sha512-27d4lZoomVyo51VegxI20xZPuSHusqbQag/ztrBC7wegWoQ1nLREPVSKSW8byhTlzTKyNE4ifaTA6lCp7JjpFw==
  dependencies:
    "@babel/highlight" "^7.0.0"

"@babel/generator@^7.6.3":
  version "7.6.4"
  resolved "https://registry.yarnpkg.com/@babel/generator/-/generator-7.6.4.tgz#a4f8437287bf9671b07f483b76e3bb731bc97671"
  integrity sha512-jsBuXkFoZxk0yWLyGI9llT9oiQ2FeTASmRFE32U+aaDTfoE92t78eroO7PTpU/OrYq38hlcDM6vbfLDaOLy+7w==
  dependencies:
    "@babel/types" "^7.6.3"
    jsesc "^2.5.1"
    lodash "^4.17.13"
    source-map "^0.5.0"

"@babel/helper-annotate-as-pure@^7.0.0":
  version "7.0.0"
  resolved "https://registry.yarnpkg.com/@babel/helper-annotate-as-pure/-/helper-annotate-as-pure-7.0.0.tgz#323d39dd0b50e10c7c06ca7d7638e6864d8c5c32"
  integrity sha512-3UYcJUj9kvSLbLbUIfQTqzcy5VX7GRZ/CCDrnOaZorFFM01aXp1+GJwuFGV4NDDoAS+mOUyHcO6UD/RfqOks3Q==
  dependencies:
    "@babel/types" "^7.0.0"

"@babel/helper-function-name@^7.1.0":
  version "7.1.0"
  resolved "https://registry.yarnpkg.com/@babel/helper-function-name/-/helper-function-name-7.1.0.tgz#a0ceb01685f73355d4360c1247f582bfafc8ff53"
  integrity sha512-A95XEoCpb3TO+KZzJ4S/5uW5fNe26DjBGqf1o9ucyLyCmi1dXq/B3c8iaWTfBk3VvetUxl16e8tIrd5teOCfGw==
  dependencies:
    "@babel/helper-get-function-arity" "^7.0.0"
    "@babel/template" "^7.1.0"
    "@babel/types" "^7.0.0"

"@babel/helper-get-function-arity@^7.0.0":
  version "7.0.0"
  resolved "https://registry.yarnpkg.com/@babel/helper-get-function-arity/-/helper-get-function-arity-7.0.0.tgz#83572d4320e2a4657263734113c42868b64e49c3"
  integrity sha512-r2DbJeg4svYvt3HOS74U4eWKsUAMRH01Z1ds1zx8KNTPtpTL5JAsdFv8BNyOpVqdFhHkkRDIg5B4AsxmkjAlmQ==
  dependencies:
    "@babel/types" "^7.0.0"

"@babel/helper-module-imports@^7.0.0":
  version "7.0.0"
  resolved "https://registry.yarnpkg.com/@babel/helper-module-imports/-/helper-module-imports-7.0.0.tgz#96081b7111e486da4d2cd971ad1a4fe216cc2e3d"
  integrity sha512-aP/hlLq01DWNEiDg4Jn23i+CXxW/owM4WpDLFUbpjxe4NS3BhLVZQ5i7E0ZrxuQ/vwekIeciyamgB1UIYxxM6A==
  dependencies:
    "@babel/types" "^7.0.0"

"@babel/helper-split-export-declaration@^7.4.4":
  version "7.4.4"
  resolved "https://registry.yarnpkg.com/@babel/helper-split-export-declaration/-/helper-split-export-declaration-7.4.4.tgz#ff94894a340be78f53f06af038b205c49d993677"
  integrity sha512-Ro/XkzLf3JFITkW6b+hNxzZ1n5OQ80NvIUdmHspih1XAhtN3vPTuUFT4eQnela+2MaZ5ulH+iyP513KJrxbN7Q==
  dependencies:
    "@babel/types" "^7.4.4"

"@babel/highlight@^7.0.0":
  version "7.5.0"
  resolved "https://registry.yarnpkg.com/@babel/highlight/-/highlight-7.5.0.tgz#56d11312bd9248fa619591d02472be6e8cb32540"
  integrity sha512-7dV4eu9gBxoM0dAnj/BCFDW9LFU0zvTrkq0ugM7pnHEgguOEeOz1so2ZghEdzviYzQEED0r4EAgpsBChKy1TRQ==
  dependencies:
    chalk "^2.0.0"
    esutils "^2.0.2"
    js-tokens "^4.0.0"

"@babel/parser@^7.6.0", "@babel/parser@^7.6.3":
  version "7.6.4"
  resolved "https://registry.yarnpkg.com/@babel/parser/-/parser-7.6.4.tgz#cb9b36a7482110282d5cb6dd424ec9262b473d81"
  integrity sha512-D8RHPW5qd0Vbyo3qb+YjO5nvUVRTXFLQ/FsDxJU2Nqz4uB5EnUN0ZQSEYpvTIbRuttig1XbHWU5oMeQwQSAA+A==

"@babel/template@^7.1.0":
  version "7.6.0"
  resolved "https://registry.yarnpkg.com/@babel/template/-/template-7.6.0.tgz#7f0159c7f5012230dad64cca42ec9bdb5c9536e6"
  integrity sha512-5AEH2EXD8euCk446b7edmgFdub/qfH1SN6Nii3+fyXP807QRx9Q73A2N5hNwRRslC2H9sNzaFhsPubkS4L8oNQ==
  dependencies:
    "@babel/code-frame" "^7.0.0"
    "@babel/parser" "^7.6.0"
    "@babel/types" "^7.6.0"

"@babel/traverse@^7.0.0":
  version "7.6.3"
  resolved "https://registry.yarnpkg.com/@babel/traverse/-/traverse-7.6.3.tgz#66d7dba146b086703c0fb10dd588b7364cec47f9"
  integrity sha512-unn7P4LGsijIxaAJo/wpoU11zN+2IaClkQAxcJWBNCMS6cmVh802IyLHNkAjQ0iYnRS3nnxk5O3fuXW28IMxTw==
  dependencies:
    "@babel/code-frame" "^7.5.5"
    "@babel/generator" "^7.6.3"
    "@babel/helper-function-name" "^7.1.0"
    "@babel/helper-split-export-declaration" "^7.4.4"
    "@babel/parser" "^7.6.3"
    "@babel/types" "^7.6.3"
    debug "^4.1.0"
    globals "^11.1.0"
    lodash "^4.17.13"

"@babel/types@^7.0.0", "@babel/types@^7.4.4", "@babel/types@^7.6.0", "@babel/types@^7.6.3":
  version "7.6.3"
  resolved "https://registry.yarnpkg.com/@babel/types/-/types-7.6.3.tgz#3f07d96f854f98e2fbd45c64b0cb942d11e8ba09"
  integrity sha512-CqbcpTxMcpuQTMhjI37ZHVgjBkysg5icREQIEZ0eG1yCNwg3oy+5AaLiOKmjsCj6nqOsa6Hf0ObjRVwokb7srA==
  dependencies:
    esutils "^2.0.2"
    lodash "^4.17.13"
    to-fast-properties "^2.0.0"

"@emotion/is-prop-valid@^0.8.1":
  version "0.8.3"
  resolved "https://registry.yarnpkg.com/@emotion/is-prop-valid/-/is-prop-valid-0.8.3.tgz#cbe62ddbea08aa022cdf72da3971570a33190d29"
  integrity sha512-We7VBiltAJ70KQA0dWkdPMXnYoizlxOXpvtjmu5/MBnExd+u0PGgV27WCYanmLAbCwAU30Le/xA0CQs/F/Otig==
  dependencies:
    "@emotion/memoize" "0.7.3"

"@emotion/memoize@0.7.3":
  version "0.7.3"
  resolved "https://registry.yarnpkg.com/@emotion/memoize/-/memoize-0.7.3.tgz#5b6b1c11d6a6dddf1f2fc996f74cf3b219644d78"
  integrity sha512-2Md9mH6mvo+ygq1trTeVp2uzAKwE2P7In0cRpD/M9Q70aH8L+rxMLbb3JCN2JoSWsV2O+DdFjfbbXoMoLBczow==

"@emotion/unitless@^0.7.0":
  version "0.7.4"
  resolved "https://registry.yarnpkg.com/@emotion/unitless/-/unitless-0.7.4.tgz#a87b4b04e5ae14a88d48ebef15015f6b7d1f5677"
  integrity sha512-kBa+cDHOR9jpRJ+kcGMsysrls0leukrm68DmFQoMIWQcXdr2cZvyvypWuGYT7U+9kAExUE7+T7r6G3C3A6L8MQ==

ansi-styles@^3.2.1:
  version "3.2.1"
  resolved "https://registry.yarnpkg.com/ansi-styles/-/ansi-styles-3.2.1.tgz#41fbb20243e50b12be0f04b8dedbf07520ce841d"
  integrity sha512-VT0ZI6kZRdTh8YyJw3SMbYm/u+NqfsAxEpWO0Pf9sq8/e94WxxOpPKx9FR1FlyCtOVDNOQ+8ntlqFxiRc+r5qA==
  dependencies:
    color-convert "^1.9.0"

"babel-plugin-styled-components@>= 1":
  version "1.10.6"
  resolved "https://registry.yarnpkg.com/babel-plugin-styled-components/-/babel-plugin-styled-components-1.10.6.tgz#f8782953751115faf09a9f92431436912c34006b"
  integrity sha512-gyQj/Zf1kQti66100PhrCRjI5ldjaze9O0M3emXRPAN80Zsf8+e1thpTpaXJXVHXtaM4/+dJEgZHyS9Its+8SA==
  dependencies:
    "@babel/helper-annotate-as-pure" "^7.0.0"
    "@babel/helper-module-imports" "^7.0.0"
    babel-plugin-syntax-jsx "^6.18.0"
    lodash "^4.17.11"

babel-plugin-syntax-jsx@^6.18.0:
  version "6.18.0"
  resolved "https://registry.yarnpkg.com/babel-plugin-syntax-jsx/-/babel-plugin-syntax-jsx-6.18.0.tgz#0af32a9a6e13ca7a3fd5069e62d7b0f58d0d8946"
  integrity sha1-CvMqmm4Tyno/1QaeYtew9Y0NiUY=

babel-runtime@^6.26.0:
  version "6.26.0"
  resolved "https://registry.yarnpkg.com/babel-runtime/-/babel-runtime-6.26.0.tgz#965c7058668e82b55d7bfe04ff2337bc8b5647fe"
  integrity sha1-llxwWGaOgrVde/4E/yM3vItWR/4=
  dependencies:
    core-js "^2.4.0"
    regenerator-runtime "^0.11.0"

camelize@^1.0.0:
  version "1.0.0"
  resolved "https://registry.yarnpkg.com/camelize/-/camelize-1.0.0.tgz#164a5483e630fa4321e5af07020e531831b2609b"
  integrity sha1-FkpUg+Yw+kMh5a8HAg5TGDGyYJs=

chalk@^2.0.0:
  version "2.4.2"
  resolved "https://registry.yarnpkg.com/chalk/-/chalk-2.4.2.tgz#cd42541677a54333cf541a49108c1432b44c9424"
  integrity sha512-Mti+f9lpJNcwF4tWV8/OrTTtF1gZi+f8FqlyAdouralcFWFQWF2+NgCHShjkCb+IFBLq9buZwE1xckQU4peSuQ==
  dependencies:
    ansi-styles "^3.2.1"
    escape-string-regexp "^1.0.5"
    supports-color "^5.3.0"

classnames@^2.2.5:
  version "2.2.6"
  resolved "https://registry.yarnpkg.com/classnames/-/classnames-2.2.6.tgz#43935bffdd291f326dad0a205309b38d00f650ce"
  integrity sha512-JR/iSQOSt+LQIWwrwEzJ9uk0xfN3mTVYMwt1Ir5mUcSN6pU+V4zQFFaJsclJbPuAUQH+yfWef6tm7l1quW3C8Q==

color-convert@^1.9.0:
  version "1.9.3"
  resolved "https://registry.yarnpkg.com/color-convert/-/color-convert-1.9.3.tgz#bb71850690e1f136567de629d2d5471deda4c1e8"
  integrity sha512-QfAUtd+vFdAtFQcC8CCyYt1fYWxSqAiK2cSD6zDB8N3cpsEBAvRxp9zOGg6G/SHHJYAT88/az/IuDGALsNVbGg==
  dependencies:
    color-name "1.1.3"

color-name@1.1.3:
  version "1.1.3"
  resolved "https://registry.yarnpkg.com/color-name/-/color-name-1.1.3.tgz#a7d0558bd89c42f795dd42328f740831ca53bc25"
  integrity sha1-p9BVi9icQveV3UIyj3QIMcpTvCU=

core-js@^2.4.0:
  version "2.6.10"
  resolved "https://registry.yarnpkg.com/core-js/-/core-js-2.6.10.tgz#8a5b8391f8cc7013da703411ce5b585706300d7f"
  integrity sha512-I39t74+4t+zau64EN1fE5v2W31Adtc/REhzWN+gWRRXg6WH5qAsZm62DHpQ1+Yhe4047T55jvzz7MUqF/dBBlA==

css-color-keywords@^1.0.0:
  version "1.0.0"
  resolved "https://registry.yarnpkg.com/css-color-keywords/-/css-color-keywords-1.0.0.tgz#fea2616dc676b2962686b3af8dbdbe180b244e05"
  integrity sha1-/qJhbcZ2spYmhrOvjb2+GAskTgU=

css-to-react-native@^2.2.2:
  version "2.3.2"
  resolved "https://registry.yarnpkg.com/css-to-react-native/-/css-to-react-native-2.3.2.tgz#e75e2f8f7aa385b4c3611c52b074b70a002f2e7d"
  integrity sha512-VOFaeZA053BqvvvqIA8c9n0+9vFppVBAHCp6JgFTtTMU3Mzi+XnelJ9XC9ul3BqFzZyQ5N+H0SnwsWT2Ebchxw==
  dependencies:
    camelize "^1.0.0"
    css-color-keywords "^1.0.0"
    postcss-value-parser "^3.3.0"

debug@^2.1.3:
  version "2.6.9"
  resolved "https://registry.yarnpkg.com/debug/-/debug-2.6.9.tgz#5d128515df134ff327e90a4c93f4e077a536341f"
  integrity sha512-bC7ElrdJaJnPbAP+1EotYvqZsb3ecl5wi6Bfi6BJTUcNowp6cvspg0jXznRTKDjm/E7AdgFBVeAPVMNcKGsHMA==
  dependencies:
    ms "2.0.0"

debug@^4.1.0:
  version "4.1.1"
  resolved "https://registry.yarnpkg.com/debug/-/debug-4.1.1.tgz#3b72260255109c6b589cee050f1d516139664791"
  integrity sha512-pYAIzeRo8J6KPEaJ0VWOh5Pzkbw/RetuzehGM7QRRX5he4fPHx2rdKMB256ehJCkX+XRQm16eZLqLNS8RSZXZw==
  dependencies:
    ms "^2.1.1"

escape-string-regexp@^1.0.5:
  version "1.0.5"
  resolved "https://registry.yarnpkg.com/escape-string-regexp/-/escape-string-regexp-1.0.5.tgz#1b61c0562190a8dff6ae3bb2cf0200ca130b86d4"
  integrity sha1-G2HAViGQqN/2rjuyzwIAyhMLhtQ=

esutils@^2.0.2:
  version "2.0.3"
  resolved "https://registry.yarnpkg.com/esutils/-/esutils-2.0.3.tgz#74d2eb4de0b8da1293711910d50775b9b710ef64"
  integrity sha512-kVscqXk4OCp68SZ0dkgEKVi6/8ij300KBWTJq32P/dYeWTSwK41WyTxalN1eRmA5Z9UU/LX9D7FWSmV9SAYx6g==

globals@^11.1.0:
  version "11.12.0"
  resolved "https://registry.yarnpkg.com/globals/-/globals-11.12.0.tgz#ab8795338868a0babd8525758018c2a7eb95c42e"
  integrity sha512-WOBp/EEGUiIsJSp7wcv/y6MO+lV9UoncWqxuFfm8eBwzWNgyfBd6Gz+IeKQ9jCmyhoH99g15M3T+QaVHFjizVA==

has-flag@^3.0.0:
  version "3.0.0"
  resolved "https://registry.yarnpkg.com/has-flag/-/has-flag-3.0.0.tgz#b5d454dc2199ae225699f3467e5a07f3b955bafd"
  integrity sha1-tdRU3CGZriJWmfNGfloH87lVuv0=

is-what@^3.3.1:
  version "3.3.1"
  resolved "https://registry.yarnpkg.com/is-what/-/is-what-3.3.1.tgz#79502181f40226e2d8c09226999db90ef7c1bcbe"
  integrity sha512-seFn10yAXy+yJlTRO+8VfiafC+0QJanGLMPTBWLrJm/QPauuchy0UXh8B6H5o9VA8BAzk0iYievt6mNp6gfaqA==

"js-tokens@^3.0.0 || ^4.0.0", js-tokens@^4.0.0:
  version "4.0.0"
  resolved "https://registry.yarnpkg.com/js-tokens/-/js-tokens-4.0.0.tgz#19203fb59991df98e3a287050d4647cdeaf32499"
  integrity sha512-RdJUflcE3cUzKiMqQgsCu06FPu9UdIJO0beYbPhHN4k6apgJtifcoCtT9bcxOpYBtpD2kCM6Sbzg4CausW/PKQ==

jsesc@^2.5.1:
  version "2.5.2"
  resolved "https://registry.yarnpkg.com/jsesc/-/jsesc-2.5.2.tgz#80564d2e483dacf6e8ef209650a67df3f0c283a4"
  integrity sha512-OYu7XEzjkCQ3C5Ps3QIZsQfNpqoJyZZA99wd9aWd05NCtC5pWOkShK2mkL6HXQR6/Cy2lbNdPlZBpuQHXE63gA==

jsonp@^0.2.1:
  version "0.2.1"
  resolved "https://registry.yarnpkg.com/jsonp/-/jsonp-0.2.1.tgz#a65b4fa0f10bda719a05441ea7b94c55f3e15bae"
  integrity sha1-pltPoPEL2nGaBUQep7lMVfPhW64=
  dependencies:
    debug "^2.1.3"

lodash@^4.17.11, lodash@^4.17.13, lodash@^4.17.15:
  version "4.17.15"
  resolved "https://registry.yarnpkg.com/lodash/-/lodash-4.17.15.tgz#b447f6670a0455bbfeedd11392eff330ea097548"
  integrity sha512-8xOcRHvCjnocdS5cpwXQXVzmmh5e5+saE2QGoeQmbKmRS6J3VQppPOIt0MnmE+4xlZoumy0GPG0D0MVIQbNA1A==

loose-envify@^1.1.0, loose-envify@^1.4.0:
  version "1.4.0"
  resolved "https://registry.yarnpkg.com/loose-envify/-/loose-envify-1.4.0.tgz#71ee51fa7be4caec1a63839f7e682d8132d30caf"
  integrity sha512-lyuxPGr/Wfhrlem2CL/UcnUc1zcqKAImBDzukY7Y5F/yQiNdko6+fRLevlw1HgMySw7f611UIY408EtxRSoK3Q==
  dependencies:
    js-tokens "^3.0.0 || ^4.0.0"

memoize-one@^5.0.0:
  version "5.1.1"
  resolved "https://registry.yarnpkg.com/memoize-one/-/memoize-one-5.1.1.tgz#047b6e3199b508eaec03504de71229b8eb1d75c0"
  integrity sha512-HKeeBpWvqiVJD57ZUAsJNm71eHTykffzcLZVYWiVfQeI1rJtuEaS7hQiEpWfVVk18donPwJEcFKIkCmPJNOhHA==

merge-anything@^2.2.4:
  version "2.4.1"
  resolved "https://registry.yarnpkg.com/merge-anything/-/merge-anything-2.4.1.tgz#e9bccaec1e49ec6cb5f77ca78c5770d1a35315e6"
  integrity sha512-dYOIAl9GFCJNctSIHWOj9OJtarCjsD16P8ObCl6oxrujAG+kOvlwJuOD9/O9iYZ9aTi1RGpGTG9q9etIvuUikQ==
  dependencies:
    is-what "^3.3.1"

ms@2.0.0:
  version "2.0.0"
  resolved "https://registry.yarnpkg.com/ms/-/ms-2.0.0.tgz#5608aeadfc00be6c2901df5f9861788de0d597c8"
  integrity sha1-VgiurfwAvmwpAd9fmGF4jeDVl8g=

ms@^2.1.1:
  version "2.1.2"
  resolved "https://registry.yarnpkg.com/ms/-/ms-2.1.2.tgz#d09d1f357b443f493382a8eb3ccd183872ae6009"
  integrity sha512-sGkPx+VjMtmA6MX27oA4FBFELFCZZ4S4XqeGOXCv68tT+jb3vk/RyaKWP0PTKyWtmLSM0b+adUTEvbs1PEaH2w==

object-assign@^4.1.1:
  version "4.1.1"
  resolved "https://registry.yarnpkg.com/object-assign/-/object-assign-4.1.1.tgz#2109adc7965887cfc05cbbd442cac8bfbb360863"
  integrity sha1-IQmtx5ZYh8/AXLvUQsrIv7s2CGM=

postcss-value-parser@^3.3.0:
  version "3.3.1"
  resolved "https://registry.yarnpkg.com/postcss-value-parser/-/postcss-value-parser-3.3.1.tgz#9ff822547e2893213cf1c30efa51ac5fd1ba8281"
  integrity sha512-pISE66AbVkp4fDQ7VHBwRNXzAAKJjw4Vw7nWI/+Q3vuly7SNfgYXvm6i5IgFylHGK5sP/xHAbB7N49OS4gWNyQ==

prop-types@^15.5.4, prop-types@^15.5.8, prop-types@^15.6.2:
  version "15.7.2"
  resolved "https://registry.yarnpkg.com/prop-types/-/prop-types-15.7.2.tgz#52c41e75b8c87e72b9d9360e0206b99dcbffa6c5"
  integrity sha512-8QQikdH7//R2vurIJSutZ1smHYTcLpRWEOlHnzcWHmBYrOGUysKwSsrC89BCiFj3CbrfJ/nXFdJepOVrY1GCHQ==
  dependencies:
    loose-envify "^1.4.0"
    object-assign "^4.1.1"
    react-is "^16.8.1"

react-fast-compare@^2.0.2:
  version "2.0.4"
  resolved "https://registry.yarnpkg.com/react-fast-compare/-/react-fast-compare-2.0.4.tgz#e84b4d455b0fec113e0402c329352715196f81f9"
  integrity sha512-suNP+J1VU1MWFKcyt7RtjiSWUjvidmQSlqu+eHslq+342xCbGTYmC0mEhPCOHxlW0CywylOC1u2DFAT+bv4dBw==

react-helmet@^5.2.1:
  version "5.2.1"
  resolved "https://registry.yarnpkg.com/react-helmet/-/react-helmet-5.2.1.tgz#16a7192fdd09951f8e0fe22ffccbf9bb3e591ffa"
  integrity sha512-CnwD822LU8NDBnjCpZ4ySh8L6HYyngViTZLfBBb3NjtrpN8m49clH8hidHouq20I51Y6TpCTISCBbqiY5GamwA==
  dependencies:
    object-assign "^4.1.1"
    prop-types "^15.5.4"
    react-fast-compare "^2.0.2"
    react-side-effect "^1.1.0"

react-is@^16.6.0, react-is@^16.8.1:
  version "16.11.0"
  resolved "https://registry.yarnpkg.com/react-is/-/react-is-16.11.0.tgz#b85dfecd48ad1ce469ff558a882ca8e8313928fa"
  integrity sha512-gbBVYR2p8mnriqAwWx9LbuUrShnAuSCNnuPGyc7GJrMVQtPDAh8iLpv7FRuMPFb56KkaVZIYSz1PrjI9q0QPCw==

react-share@^3.0.1:
  version "3.0.1"
  resolved "https://registry.yarnpkg.com/react-share/-/react-share-3.0.1.tgz#be9dc3f80059c4fed33542472f4e7425bb3a76cb"
  integrity sha512-xo4zjYP78h6zrBN5rlC06bb877js7216KFeZELAZP6sYxVoqmU27ChrfnpKUCL9H8F5PwYXh6DLNdAp+0E17GA==
  dependencies:
    babel-runtime "^6.26.0"
    classnames "^2.2.5"
    jsonp "^0.2.1"
    prop-types "^15.5.8"

react-side-effect@^1.1.0:
  version "1.2.0"
  resolved "https://registry.yarnpkg.com/react-side-effect/-/react-side-effect-1.2.0.tgz#0e940c78faba0c73b9b0eba9cd3dda8dfb7e7dae"
  integrity sha512-v1ht1aHg5k/thv56DRcjw+WtojuuDHFUgGfc+bFHOWsF4ZK6C2V57DO0Or0GPsg6+LSTE0M6Ry/gfzhzSwbc5w==
  dependencies:
    shallowequal "^1.0.1"

react@^16.11.0:
  version "16.11.0"
  resolved "https://registry.yarnpkg.com/react/-/react-16.11.0.tgz#d294545fe62299ccee83363599bf904e4a07fdbb"
  integrity sha512-M5Y8yITaLmU0ynd0r1Yvfq98Rmll6q8AxaEe88c8e7LxO8fZ2cNgmFt0aGAS9wzf1Ao32NKXtCl+/tVVtkxq6g==
  dependencies:
    loose-envify "^1.1.0"
    object-assign "^4.1.1"
    prop-types "^15.6.2"

regenerator-runtime@^0.11.0:
  version "0.11.1"
  resolved "https://registry.yarnpkg.com/regenerator-runtime/-/regenerator-runtime-0.11.1.tgz#be05ad7f9bf7d22e056f9726cee5017fbf19e2e9"
  integrity sha512-MguG95oij0fC3QV3URf4V2SDYGJhJnJGqvIIgdECeODCT98wSWDAJ94SSuVpYQUoTcGUIL6L4yNB7j1DFFHSBg==

shallowequal@^1.0.1:
  version "1.1.0"
  resolved "https://registry.yarnpkg.com/shallowequal/-/shallowequal-1.1.0.tgz#188d521de95b9087404fd4dcb68b13df0ae4e7f8"
  integrity sha512-y0m1JoUZSlPAjXVtPPW70aZWfIL/dSP7AFkRnniLCrK/8MDKog3TySTBmckD+RObVxH0v4Tox67+F14PdED2oQ==

source-map@^0.5.0:
  version "0.5.7"
  resolved "https://registry.yarnpkg.com/source-map/-/source-map-0.5.7.tgz#8a039d2d1021d22d1ea14c80d8ea468ba2ef3fcc"
  integrity sha1-igOdLRAh0i0eoUyA2OpGi6LvP8w=

styled-components@^4.4.0:
  version "4.4.0"
  resolved "https://registry.yarnpkg.com/styled-components/-/styled-components-4.4.0.tgz#4e381e2dab831d0e6ea431c2840a96323e84e21b"
  integrity sha512-xQ6vTI/0zNjZ1BBDRxyjvBddrxhQ3DxjeCdaLM1lSn5FDnkTOQgRkmWvcUiTajqc5nJqKVl+7sUioMqktD0+Zw==
  dependencies:
    "@babel/helper-module-imports" "^7.0.0"
    "@babel/traverse" "^7.0.0"
    "@emotion/is-prop-valid" "^0.8.1"
    "@emotion/unitless" "^0.7.0"
    babel-plugin-styled-components ">= 1"
    css-to-react-native "^2.2.2"
    memoize-one "^5.0.0"
    merge-anything "^2.2.4"
    prop-types "^15.5.4"
    react-is "^16.6.0"
    stylis "^3.5.0"
    stylis-rule-sheet "^0.0.10"
    supports-color "^5.5.0"

styled-media-query@^2.1.2:
  version "2.1.2"
  resolved "https://registry.yarnpkg.com/styled-media-query/-/styled-media-query-2.1.2.tgz#d59e8d91bc4bcff210dc511bdcecedf16eb2c5b7"
  integrity sha512-ds24iBxOrfIhdHP+e23y6kj1gbosgWu+tgAuxvMrYmnp6Sju/LjuY8lfkiVnn6P7mcdhtwpC2Z43o+apT9UdJg==

styled-normalize@^8.0.6:
  version "8.0.6"
  resolved "https://registry.yarnpkg.com/styled-normalize/-/styled-normalize-8.0.6.tgz#f27f87292f46aa79ad6db6339aff5db529df3c91"
  integrity sha512-tOnAD1+wV04aiVy6chaQA4u/EtkGiGZPlIBYvEfWlZQBrDqRhu9EdPyXlFzLWxpOmANoQelJqSOMlV3QNCDKkw==

stylis-rule-sheet@^0.0.10:
  version "0.0.10"
  resolved "https://registry.yarnpkg.com/stylis-rule-sheet/-/stylis-rule-sheet-0.0.10.tgz#44e64a2b076643f4b52e5ff71efc04d8c3c4a430"
  integrity sha512-nTbZoaqoBnmK+ptANthb10ZRZOGC+EmTLLUxeYIuHNkEKcmKgXX1XWKkUBT2Ac4es3NybooPe0SmvKdhKJZAuw==

stylis@^3.5.0:
  version "3.5.4"
  resolved "https://registry.yarnpkg.com/stylis/-/stylis-3.5.4.tgz#f665f25f5e299cf3d64654ab949a57c768b73fbe"
  integrity sha512-8/3pSmthWM7lsPBKv7NXkzn2Uc9W7NotcwGNpJaa3k7WMM1XDCA4MgT5k/8BIexd5ydZdboXtU90XH9Ec4Bv/Q==

supports-color@^5.3.0, supports-color@^5.5.0:
  version "5.5.0"
  resolved "https://registry.yarnpkg.com/supports-color/-/supports-color-5.5.0.tgz#e2e69a44ac8772f78a1ec0b35b689df6530efc8f"
  integrity sha512-QjVjwdXIt408MIiAqCX4oUKsgU2EqAGzs2Ppkm4aQYbjm+ZEWEcW4SfFNTr4uMNZma0ey4f5lgLrkB0aX0QMow==
  dependencies:
    has-flag "^3.0.0"

to-fast-properties@^2.0.0:
  version "2.0.0"
  resolved "https://registry.yarnpkg.com/to-fast-properties/-/to-fast-properties-2.0.0.tgz#dc5e698cbd079265bc73e0377681a4e4e83f616e"
  integrity sha1-3F5pjL0HkmW8c+A3doGk5Og/YW4=
