# THIS IS AN AUTOGENERATED FILE. DO NOT EDIT THIS FILE DIRECTLY.
# yarn lockfile v1


big.js@^3.1.3:
  version "3.2.0"
  resolved "https://registry.yarnpkg.com/big.js/-/big.js-3.2.0.tgz#a5fc298b81b9e0dca2e458824784b65c52ba588e"
  integrity sha512-+hN/Zh2D08Mx65pZ/4g5bsmNiZUuChDiQfTUQ7qJr4/kuopCr88xZsAXv6mBoZEsUI4OuGHlX59qE94K2mMW8Q==

commander@~2.1.0:
  version "2.1.0"
  resolved "https://registry.yarnpkg.com/commander/-/commander-2.1.0.tgz#d121bbae860d9992a3d517ba96f56588e47c6781"
  integrity sha1-0SG7roYNmZKj1Re6lvVliOR8Z4E=

debug@^2.2.0:
  version "2.6.9"
  resolved "https://registry.yarnpkg.com/debug/-/debug-2.6.9.tgz#5d128515df134ff327e90a4c93f4e077a536341f"
  integrity sha512-bC7ElrdJaJnPbAP+1EotYvqZsb3ecl5wi6Bfi6BJTUcNowp6cvspg0jXznRTKDjm/E7AdgFBVeAPVMNcKGsHMA==
  dependencies:
    ms "2.0.0"

generic-pool@^3.6.0:
  version "3.7.1"
  resolved "https://registry.yarnpkg.com/generic-pool/-/generic-pool-3.7.1.tgz#36fe5bb83e7e0e032e5d32cd05dc00f5ff119aa8"
  integrity sha512-ug6DAZoNgWm6q5KhPFA+hzXfBLFQu5sTXxPpv44DmE0A2g+CiHoq9LTVdkXpZMkYVMoGw83F6W+WT0h0MFMK/w==

jshs2@^0.4.4:
  version "0.4.4"
  resolved "https://registry.yarnpkg.com/jshs2/-/jshs2-0.4.4.tgz#ae97df0bc6cd69c175a1e5fb230561815a91e054"
  integrity sha512-1Y2f5dT4d54FFfodZx51g6VXZAG1+Hc5y574mt5f/UzC48oaSK/iTNdRAVzuw9qLMZlo8UPUFBAxiaM8A0heXw==
  dependencies:
    big.js "^3.1.3"
    debug "^2.2.0"
    lodash "^3.10.1"
    moment "^2.17.1"
    node-int64 "^0.3.3"
    thrift "^0.9.3"

lodash@^3.10.1:
  version "3.10.1"
  resolved "https://registry.yarnpkg.com/lodash/-/lodash-3.10.1.tgz#5bf45e8e49ba4189e17d482789dfd15bd140b7b6"
  integrity sha1-W/Rejkm6QYnhfUgnid/RW9FAt7Y=

moment@^2.17.1:
  version "2.24.0"
  resolved "https://registry.yarnpkg.com/moment/-/moment-2.24.0.tgz#0d055d53f5052aa653c9f6eb68bb5d12bf5c2b5b"
  integrity sha512-bV7f+6l2QigeBBZSM/6yTNq4P2fNpSWj/0e7jQcy87A8e7o2nAfP/34/2ky5Vw4B9S446EtIhodAzkFCcR4dQg==

ms@2.0.0:
  version "2.0.0"
  resolved "https://registry.yarnpkg.com/ms/-/ms-2.0.0.tgz#5608aeadfc00be6c2901df5f9861788de0d597c8"
  integrity sha1-VgiurfwAvmwpAd9fmGF4jeDVl8g=

nan@~1.0.0:
  version "1.0.0"
  resolved "https://registry.yarnpkg.com/nan/-/nan-1.0.0.tgz#ae24f8850818d662fcab5acf7f3b95bfaa2ccf38"
  integrity sha1-riT4hQgY1mL8q1rPfzuVv6oszzg=

node-int64@^0.3.3, node-int64@~0.3.0:
  version "0.3.3"
  resolved "https://registry.yarnpkg.com/node-int64/-/node-int64-0.3.3.tgz#2d6e6b2ece5de8588b43d88d1bc41b26cd1fa84d"
  integrity sha1-LW5rLs5d6FiLQ9iNG8QbJs0fqE0=

options@>=0.0.5:
  version "0.0.6"
  resolved "https://registry.yarnpkg.com/options/-/options-0.0.6.tgz#ec22d312806bb53e731773e7cdaefcf1c643128f"
  integrity sha1-7CLTEoBrtT5zF3Pnza788cZDEo8=

q@1.0.x:
  version "1.0.1"
  resolved "https://registry.yarnpkg.com/q/-/q-1.0.1.tgz#11872aeedee89268110b10a718448ffb10112a14"
  integrity sha1-EYcq7t7okmgRCxCnGESP+xARKhQ=

sasl-plain@^0.1.0:
  version "0.1.0"
  resolved "https://registry.yarnpkg.com/sasl-plain/-/sasl-plain-0.1.0.tgz#cf145e7c02222b64d60c0806d9cd2ae5380426cc"
  integrity sha1-zxRefAIiK2TWDAgG2c0q5TgEJsw=

saslmechanisms@^0.1.1:
  version "0.1.1"
  resolved "https://registry.yarnpkg.com/saslmechanisms/-/saslmechanisms-0.1.1.tgz#478be1429500fcfaa780be88b3343ced7d2a9182"
  integrity sha1-R4vhQpUA/PqngL6IszQ87X0qkYI=

sqlstring@^2.3.1:
  version "2.3.1"
  resolved "https://registry.yarnpkg.com/sqlstring/-/sqlstring-2.3.1.tgz#475393ff9e91479aea62dcaf0ca3d14983a7fb40"
  integrity sha1-R1OT/56RR5rqYtyvDKPRSYOn+0A=

thrift@^0.9.3:
  version "0.9.3"
  resolved "https://registry.yarnpkg.com/thrift/-/thrift-0.9.3.tgz#99021336403d42e08b8efadb1c37a06d7998b2a6"
  integrity sha1-mQITNkA9QuCLjvrbHDegbXmYsqY=
  dependencies:
    node-int64 "~0.3.0"
    q "1.0.x"
    ws "~0.4.32"

tinycolor@0.x:
  version "0.0.1"
  resolved "https://registry.yarnpkg.com/tinycolor/-/tinycolor-0.0.1.tgz#320b5a52d83abb5978d81a3e887d4aefb15a6164"
  integrity sha1-MgtaUtg6u1l42Bo+iH1K77FaYWQ=

ws@~0.4.32:
  version "0.4.32"
  resolved "https://registry.yarnpkg.com/ws/-/ws-0.4.32.tgz#787a6154414f3c99ed83c5772153b20feb0cec32"
  integrity sha1-eHphVEFPPJntg8V3IVOyD+sM7DI=
  dependencies:
    commander "~2.1.0"
    nan "~1.0.0"
    options ">=0.0.5"
    tinycolor "0.x"
