# THIS IS AN AUTOGENERATED FILE. DO NOT EDIT THIS FILE DIRECTLY.
# yarn lockfile v1


"@cubejs-backend/query-orchestrator@^0.17.10":
  version "0.17.10"
  resolved "https://registry.yarnpkg.com/@cubejs-backend/query-orchestrator/-/query-orchestrator-0.17.10.tgz#44604f30acee7c65a4dde92af662aad605d195af"
  integrity sha512-hmNWfaFapKZPS4ePIYvjxMelUKd2KIPdLh0vikcdhVCj++M9+0fyFnEUvpoPdYjc8jciksVEfA7ehId0C6xE3Q==
  dependencies:
    ramda "^0.24.1"
    redis "^2.8.0"

abbrev@1:
  version "1.1.1"
  resolved "https://registry.yarnpkg.com/abbrev/-/abbrev-1.1.1.tgz#f8f2c887ad10bf67f634f005b6987fed3179aac8"
  integrity sha512-nne9/IiQ/hzIhY6pdDnbBtz7DjPTKrY00P/zvPSm5pOFkl6xuGrGnXn/VtTNNfNtAfZ9/1RtehkszU9qcTii0Q==

babylon@7.0.0-beta.19:
  version "7.0.0-beta.19"
  resolved "https://registry.yarnpkg.com/babylon/-/babylon-7.0.0-beta.19.tgz#e928c7e807e970e0536b078ab3e0c48f9e052503"
  integrity sha512-Vg0C9s/REX6/WIXN37UKpv5ZhRi6A4pjHlpkE34+8/a6c2W1Q692n3hmc+SZG5lKRnaExLUbxtJ1SVT+KaCQ/A==

big.js@^3.1.3:
  version "3.2.0"
  resolved "https://registry.yarnpkg.com/big.js/-/big.js-3.2.0.tgz#a5fc298b81b9e0dca2e458824784b65c52ba588e"
  integrity sha512-+hN/Zh2D08Mx65pZ/4g5bsmNiZUuChDiQfTUQ7qJr4/kuopCr88xZsAXv6mBoZEsUI4OuGHlX59qE94K2mMW8Q==

bluebird@~3.5.0:
  version "3.5.5"
  resolved "https://registry.yarnpkg.com/bluebird/-/bluebird-3.5.5.tgz#a8d0afd73251effbbd5fe384a77d73003c17a71f"
  integrity sha512-5am6HnnfN+urzt4yfg7IgTbotDjIT/u8AJpEt0sIU9FtXfVeezXAPKswrG+xKUCOYAINpSdgZVDU6QFh+cuH3w==

catharsis@~0.8.9:
  version "0.8.11"
  resolved "https://registry.yarnpkg.com/catharsis/-/catharsis-0.8.11.tgz#d0eb3d2b82b7da7a3ce2efb1a7b00becc6643468"
  integrity sha512-a+xUyMV7hD1BrDQA/3iPV7oc+6W26BgVJO05PGEoatMyIuPScQKsde6i3YorWX1qs+AZjnJ18NqdKoCtKiNh1g==
  dependencies:
    lodash "^4.17.14"

commander@~2.1.0:
  version "2.1.0"
  resolved "https://registry.yarnpkg.com/commander/-/commander-2.1.0.tgz#d121bbae860d9992a3d517ba96f56588e47c6781"
  integrity sha1-0SG7roYNmZKj1Re6lvVliOR8Z4E=

debug@^2.2.0:
  version "2.6.9"
  resolved "https://registry.yarnpkg.com/debug/-/debug-2.6.9.tgz#5d128515df134ff327e90a4c93f4e077a536341f"
  integrity sha512-bC7ElrdJaJnPbAP+1EotYvqZsb3ecl5wi6Bfi6BJTUcNowp6cvspg0jXznRTKDjm/E7AdgFBVeAPVMNcKGsHMA==
  dependencies:
    ms "2.0.0"

double-ended-queue@^2.1.0-0:
  version "2.1.0-0"
  resolved "https://registry.yarnpkg.com/double-ended-queue/-/double-ended-queue-2.1.0-0.tgz#103d3527fd31528f40188130c841efdd78264e5c"
  integrity sha1-ED01J/0xUo9AGIEwyEHv3XgmTlw=

escape-string-regexp@~1.0.5:
  version "1.0.5"
  resolved "https://registry.yarnpkg.com/escape-string-regexp/-/escape-string-regexp-1.0.5.tgz#1b61c0562190a8dff6ae3bb2cf0200ca130b86d4"
  integrity sha1-G2HAViGQqN/2rjuyzwIAyhMLhtQ=

generic-pool@^3.6.0:
  version "3.7.1"
  resolved "https://registry.yarnpkg.com/generic-pool/-/generic-pool-3.7.1.tgz#36fe5bb83e7e0e032e5d32cd05dc00f5ff119aa8"
  integrity sha512-ug6DAZoNgWm6q5KhPFA+hzXfBLFQu5sTXxPpv44DmE0A2g+CiHoq9LTVdkXpZMkYVMoGw83F6W+WT0h0MFMK/w==

graceful-fs@^4.1.9:
  version "4.2.3"
  resolved "https://registry.yarnpkg.com/graceful-fs/-/graceful-fs-4.2.3.tgz#4a12ff1b60376ef09862c2093edd908328be8423"
  integrity sha512-a30VEBm4PEdx1dRB7MFK7BejejvCvBronbLjht+sHuGYj8PHs7M/5Z+rt5lw551vZ7yfTCj4Vuyy3mSJytDWRQ==

js2xmlparser@~3.0.0:
  version "3.0.0"
  resolved "https://registry.yarnpkg.com/js2xmlparser/-/js2xmlparser-3.0.0.tgz#3fb60eaa089c5440f9319f51760ccd07e2499733"
  integrity sha1-P7YOqgicVED5MZ9RdgzNB+JJlzM=
  dependencies:
    xmlcreate "^1.0.1"

jsdoc@~3.5:
  version "3.5.5"
  resolved "https://registry.yarnpkg.com/jsdoc/-/jsdoc-3.5.5.tgz#484521b126e81904d632ff83ec9aaa096708fa4d"
  integrity sha512-6PxB65TAU4WO0Wzyr/4/YhlGovXl0EVYfpKbpSroSj0qBxT4/xod/l40Opkm38dRHRdQgdeY836M0uVnJQG7kg==
  dependencies:
    babylon "7.0.0-beta.19"
    bluebird "~3.5.0"
    catharsis "~0.8.9"
    escape-string-regexp "~1.0.5"
    js2xmlparser "~3.0.0"
    klaw "~2.0.0"
    marked "~0.3.6"
    mkdirp "~0.5.1"
    requizzle "~0.2.1"
    strip-json-comments "~2.0.1"
    taffydb "2.6.2"
    underscore "~1.8.3"

jshs2@^0.4.4:
  version "0.4.4"
  resolved "https://registry.yarnpkg.com/jshs2/-/jshs2-0.4.4.tgz#ae97df0bc6cd69c175a1e5fb230561815a91e054"
  integrity sha512-1Y2f5dT4d54FFfodZx51g6VXZAG1+Hc5y574mt5f/UzC48oaSK/iTNdRAVzuw9qLMZlo8UPUFBAxiaM8A0heXw==
  dependencies:
    big.js "^3.1.3"
    debug "^2.2.0"
    lodash "^3.10.1"
    moment "^2.17.1"
    node-int64 "^0.3.3"
    thrift "^0.9.3"

json-int64@~1.0:
  version "1.0.2"
  resolved "https://registry.yarnpkg.com/json-int64/-/json-int64-1.0.2.tgz#22ec12ebff788fab9d110bc6321ead9f12768895"
  integrity sha512-uGrIXtRehbksM17S2lJRLPljufK52KL2ewbJi0xgcRPONoRLXa4yAUIKAUxF69dbnqIoBu33fB28MAWSxupB8Q==
  dependencies:
    node-int64 "0.4.0"

klaw@~2.0.0:
  version "2.0.0"
  resolved "https://registry.yarnpkg.com/klaw/-/klaw-2.0.0.tgz#59c128e0dc5ce410201151194eeb9cbf858650f6"
  integrity sha1-WcEo4Nxc5BAgEVEZTuucv4WGUPY=
  dependencies:
    graceful-fs "^4.1.9"

lodash@^3.10.1:
  version "3.10.1"
  resolved "https://registry.yarnpkg.com/lodash/-/lodash-3.10.1.tgz#5bf45e8e49ba4189e17d482789dfd15bd140b7b6"
  integrity sha1-W/Rejkm6QYnhfUgnid/RW9FAt7Y=

lodash@^4.17.14:
  version "4.17.15"
  resolved "https://registry.yarnpkg.com/lodash/-/lodash-4.17.15.tgz#b447f6670a0455bbfeedd11392eff330ea097548"
  integrity sha512-8xOcRHvCjnocdS5cpwXQXVzmmh5e5+saE2QGoeQmbKmRS6J3VQppPOIt0MnmE+4xlZoumy0GPG0D0MVIQbNA1A==

marked@~0.3.6:
  version "0.3.19"
  resolved "https://registry.yarnpkg.com/marked/-/marked-0.3.19.tgz#5d47f709c4c9fc3c216b6d46127280f40b39d790"
  integrity sha512-ea2eGWOqNxPcXv8dyERdSr/6FmzvWwzjMxpfGB/sbMccXoct+xY+YukPD+QTUZwyvK7BZwcr4m21WBOW41pAkg==

minimist@0.0.8:
  version "0.0.8"
  resolved "https://registry.yarnpkg.com/minimist/-/minimist-0.0.8.tgz#857fcabfc3397d2625b8228262e86aa7a011b05d"
  integrity sha1-hX/Kv8M5fSYluCKCYuhqp6ARsF0=

mkdirp@~0.5.1:
  version "0.5.1"
  resolved "https://registry.yarnpkg.com/mkdirp/-/mkdirp-0.5.1.tgz#30057438eac6cf7f8c4767f38648d6697d75c903"
  integrity sha1-MAV0OOrGz3+MR2fzhkjWaX11yQM=
  dependencies:
    minimist "0.0.8"

moment@^2.17.1:
  version "2.24.0"
  resolved "https://registry.yarnpkg.com/moment/-/moment-2.24.0.tgz#0d055d53f5052aa653c9f6eb68bb5d12bf5c2b5b"
  integrity sha512-bV7f+6l2QigeBBZSM/6yTNq4P2fNpSWj/0e7jQcy87A8e7o2nAfP/34/2ky5Vw4B9S446EtIhodAzkFCcR4dQg==

ms@2.0.0:
  version "2.0.0"
  resolved "https://registry.yarnpkg.com/ms/-/ms-2.0.0.tgz#5608aeadfc00be6c2901df5f9861788de0d597c8"
  integrity sha1-VgiurfwAvmwpAd9fmGF4jeDVl8g=

nan@~1.0.0:
  version "1.0.0"
  resolved "https://registry.yarnpkg.com/nan/-/nan-1.0.0.tgz#ae24f8850818d662fcab5acf7f3b95bfaa2ccf38"
  integrity sha1-riT4hQgY1mL8q1rPfzuVv6oszzg=

node-int64@0.4.0:
  version "0.4.0"
  resolved "https://registry.yarnpkg.com/node-int64/-/node-int64-0.4.0.tgz#87a9065cdb355d3182d8f94ce11188b825c68a3b"
  integrity sha1-h6kGXNs1XTGC2PlM4RGIuCXGijs=

node-int64@^0.3.3, node-int64@~0.3.0:
  version "0.3.3"
  resolved "https://registry.yarnpkg.com/node-int64/-/node-int64-0.3.3.tgz#2d6e6b2ece5de8588b43d88d1bc41b26cd1fa84d"
  integrity sha1-LW5rLs5d6FiLQ9iNG8QbJs0fqE0=

nopt@~4.0:
  version "4.0.1"
  resolved "https://registry.yarnpkg.com/nopt/-/nopt-4.0.1.tgz#d0d4685afd5415193c8c7505602d0d17cd64474d"
  integrity sha1-0NRoWv1UFRk8jHUFYC0NF81kR00=
  dependencies:
    abbrev "1"
    osenv "^0.1.4"

options@>=0.0.5:
  version "0.0.6"
  resolved "https://registry.yarnpkg.com/options/-/options-0.0.6.tgz#ec22d312806bb53e731773e7cdaefcf1c643128f"
  integrity sha1-7CLTEoBrtT5zF3Pnza788cZDEo8=

os-homedir@^1.0.0:
  version "1.0.2"
  resolved "https://registry.yarnpkg.com/os-homedir/-/os-homedir-1.0.2.tgz#ffbc4988336e0e833de0c168c7ef152121aa7fb3"
  integrity sha1-/7xJiDNuDoM94MFox+8VISGqf7M=

os-tmpdir@^1.0.0:
  version "1.0.2"
  resolved "https://registry.yarnpkg.com/os-tmpdir/-/os-tmpdir-1.0.2.tgz#bbe67406c79aa85c5cfec766fe5734555dfa1274"
  integrity sha1-u+Z0BseaqFxc/sdm/lc0VV36EnQ=

osenv@^0.1.4:
  version "0.1.5"
  resolved "https://registry.yarnpkg.com/osenv/-/osenv-0.1.5.tgz#85cdfafaeb28e8677f416e287592b5f3f49ea410"
  integrity sha512-0CWcCECdMVc2Rw3U5w9ZjqX6ga6ubk1xDVKxtBQPK7wis/0F2r9T6k4ydGYhecl7YUBxBVxhL5oisPsNxAPe2g==
  dependencies:
    os-homedir "^1.0.0"
    os-tmpdir "^1.0.0"

q@1.0.x:
  version "1.0.1"
  resolved "https://registry.yarnpkg.com/q/-/q-1.0.1.tgz#11872aeedee89268110b10a718448ffb10112a14"
  integrity sha1-EYcq7t7okmgRCxCnGESP+xARKhQ=

ramda@^0.24.1:
  version "0.24.1"
  resolved "https://registry.yarnpkg.com/ramda/-/ramda-0.24.1.tgz#c3b7755197f35b8dc3502228262c4c91ddb6b857"
  integrity sha1-w7d1UZfzW43DUCIoJixMkd22uFc=

redis-commands@^1.2.0:
  version "1.5.0"
  resolved "https://registry.yarnpkg.com/redis-commands/-/redis-commands-1.5.0.tgz#80d2e20698fe688f227127ff9e5164a7dd17e785"
  integrity sha512-6KxamqpZ468MeQC3bkWmCB1fp56XL64D4Kf0zJSwDZbVLLm7KFkoIcHrgRvQ+sk8dnhySs7+yBg94yIkAK7aJg==

redis-parser@^2.6.0:
  version "2.6.0"
  resolved "https://registry.yarnpkg.com/redis-parser/-/redis-parser-2.6.0.tgz#52ed09dacac108f1a631c07e9b69941e7a19504b"
  integrity sha1-Uu0J2srBCPGmMcB+m2mUHnoZUEs=

redis@^2.8.0:
  version "2.8.0"
  resolved "https://registry.yarnpkg.com/redis/-/redis-2.8.0.tgz#202288e3f58c49f6079d97af7a10e1303ae14b02"
  integrity sha512-M1OkonEQwtRmZv4tEWF2VgpG0JWJ8Fv1PhlgT5+B+uNq2cA3Rt1Yt/ryoR+vQNOQcIEgdCdfH0jr3bDpihAw1A==
  dependencies:
    double-ended-queue "^2.1.0-0"
    redis-commands "^1.2.0"
    redis-parser "^2.6.0"

requizzle@~0.2.1:
  version "0.2.3"
  resolved "https://registry.yarnpkg.com/requizzle/-/requizzle-0.2.3.tgz#4675c90aacafb2c036bd39ba2daa4a1cb777fded"
  integrity sha512-YanoyJjykPxGHii0fZP0uUPEXpvqfBDxWV7s6GKAiiOsiqhX6vHNyW3Qzdmqp/iq/ExbhaGbVrjB4ruEVSM4GQ==
  dependencies:
    lodash "^4.17.14"

sasl-plain@^0.1.0:
  version "0.1.0"
  resolved "https://registry.yarnpkg.com/sasl-plain/-/sasl-plain-0.1.0.tgz#cf145e7c02222b64d60c0806d9cd2ae5380426cc"
  integrity sha1-zxRefAIiK2TWDAgG2c0q5TgEJsw=

saslmechanisms@^0.1.1:
  version "0.1.1"
  resolved "https://registry.yarnpkg.com/saslmechanisms/-/saslmechanisms-0.1.1.tgz#478be1429500fcfaa780be88b3343ced7d2a9182"
  integrity sha1-R4vhQpUA/PqngL6IszQ87X0qkYI=

sqlstring@^2.3.1:
  version "2.3.1"
  resolved "https://registry.yarnpkg.com/sqlstring/-/sqlstring-2.3.1.tgz#475393ff9e91479aea62dcaf0ca3d14983a7fb40"
  integrity sha1-R1OT/56RR5rqYtyvDKPRSYOn+0A=

strip-json-comments@~2.0.1:
  version "2.0.1"
  resolved "https://registry.yarnpkg.com/strip-json-comments/-/strip-json-comments-2.0.1.tgz#3c531942e908c2697c0ec344858c286c7ca0a60a"
  integrity sha1-PFMZQukIwml8DsNEhYwobHygpgo=

taffydb@2.6.2:
  version "2.6.2"
  resolved "https://registry.yarnpkg.com/taffydb/-/taffydb-2.6.2.tgz#7cbcb64b5a141b6a2efc2c5d2c67b4e150b2a268"
  integrity sha1-fLy2S1oUG2ou/CxdLGe04VCyomg=

thrift@^0.13.0:
  version "0.13.0"
  resolved "https://registry.yarnpkg.com/thrift/-/thrift-0.13.0.tgz#424d80bb041ba21b1d52b8c75a867662e312c71e"
  integrity sha512-zVrIRSilu9uAmuvv5AqzI0VzYBnroQUFqNbqxlvO71OWpBCs0Qv1/TfoZDO8HXyPeaArU1TlA2jKq+vKLA7QIg==
  dependencies:
    jsdoc "~3.5"
    json-int64 "~1.0"
    nopt "~4.0"

thrift@^0.9.3:
  version "0.9.3"
  resolved "https://registry.yarnpkg.com/thrift/-/thrift-0.9.3.tgz#99021336403d42e08b8efadb1c37a06d7998b2a6"
  integrity sha1-mQITNkA9QuCLjvrbHDegbXmYsqY=
  dependencies:
    node-int64 "~0.3.0"
    q "1.0.x"
    ws "~0.4.32"

tinycolor@0.x:
  version "0.0.1"
  resolved "https://registry.yarnpkg.com/tinycolor/-/tinycolor-0.0.1.tgz#320b5a52d83abb5978d81a3e887d4aefb15a6164"
  integrity sha1-MgtaUtg6u1l42Bo+iH1K77FaYWQ=

underscore@~1.8.3:
  version "1.8.3"
  resolved "https://registry.yarnpkg.com/underscore/-/underscore-1.8.3.tgz#4f3fb53b106e6097fcf9cb4109f2a5e9bdfa5022"
  integrity sha1-Tz+1OxBuYJf8+ctBCfKl6b36UCI=

ws@~0.4.32:
  version "0.4.32"
  resolved "https://registry.yarnpkg.com/ws/-/ws-0.4.32.tgz#787a6154414f3c99ed83c5772153b20feb0cec32"
  integrity sha1-eHphVEFPPJntg8V3IVOyD+sM7DI=
  dependencies:
    commander "~2.1.0"
    nan "~1.0.0"
    options ">=0.0.5"
    tinycolor "0.x"

xmlcreate@^1.0.1:
  version "1.0.2"
  resolved "https://registry.yarnpkg.com/xmlcreate/-/xmlcreate-1.0.2.tgz#fa6bf762a60a413fb3dd8f4b03c5b269238d308f"
  integrity sha1-+mv3YqYKQT+z3Y9LA8WyaSONMI8=
