dependencies:
- name: cubejs
  repository: file://../cubejs
  version: 0.1.0
- name: cubestore
  repository: file://../cubestore
  version: 0.1.0
- name: redis
  repository: https://charts.bitnami.com/bitnami
  version: 11.2.3
digest: sha256:236bb9422aa1baa4f1efb2edf74e765e74b8ec64031937db6357ad3b9e5083c5
generated: "2021-08-30T14:32:31.084490115+02:00"
