# THIS IS AN AUTOGENERATED FILE. DO NOT EDIT THIS FILE DIRECTLY.
# yarn lockfile v1


generic-pool@^3.1.7:
  version "3.7.1"
  resolved "https://registry.yarnpkg.com/generic-pool/-/generic-pool-3.7.1.tgz#36fe5bb83e7e0e032e5d32cd05dc00f5ff119aa8"
  integrity sha512-ug6DAZoNgWm6q5KhPFA+hzXfBLFQu5sTXxPpv44DmE0A2g+CiHoq9LTVdkXpZMkYVMoGw83F6W+WT0h0MFMK/w==

sqlstring@^2.3.0:
  version "2.3.2"
  resolved "https://registry.yarnpkg.com/sqlstring/-/sqlstring-2.3.2.tgz#cdae7169389a1375b18e885f2e60b3e460809514"
  integrity sha512-vF4ZbYdKS8OnoJAWBmMxCQDkiEBkGQYU7UZPtL8flbDRSNkhaXvRJ279ZtI6M+zDaQovVU4tuRgzK5fVhvFAhg==
