# THIS IS AN AUTOGENERATED FILE. DO NOT EDIT THIS FILE DIRECTLY.
# yarn lockfile v1


"@apla/clickhouse@^1.5.5":
  version "1.5.5"
  resolved "https://registry.yarnpkg.com/@apla/clickhouse/-/clickhouse-1.5.5.tgz#45cf5f9b662f123954ed804b5638f203ee8fb67e"
  dependencies:
    buffer-indexof-polyfill "^1.0.1"
    object-assign "^4.1.0"

"@cubejs-backend/query-orchestrator@^0.0.21":
  version "0.0.21"
  resolved "https://registry.yarnpkg.com/@cubejs-backend/query-orchestrator/-/query-orchestrator-0.0.21.tgz#b5a0422a34931a834f4429280679460d08dc6112"
  dependencies:
    ramda "^0.24.1"
    redis "^2.8.0"
    util-promisifyall "^1.0.4"

buffer-indexof-polyfill@^1.0.1:
  version "1.0.1"
  resolved "https://registry.yarnpkg.com/buffer-indexof-polyfill/-/buffer-indexof-polyfill-1.0.1.tgz#a9fb806ce8145d5428510ce72f278bb363a638bf"

double-ended-queue@^2.1.0-0:
  version "2.1.0-0"
  resolved "https://registry.yarnpkg.com/double-ended-queue/-/double-ended-queue-2.1.0-0.tgz#103d3527fd31528f40188130c841efdd78264e5c"

generic-pool@^3.6.0:
  version "3.6.0"
  resolved "https://registry.yarnpkg.com/generic-pool/-/generic-pool-3.6.0.tgz#34e3124d9af754c8bfee7c15906e7347dc543afc"

object-assign@^4.1.0:
  version "4.1.1"
  resolved "https://registry.yarnpkg.com/object-assign/-/object-assign-4.1.1.tgz#2109adc7965887cfc05cbbd442cac8bfbb360863"

ramda@^0.24.1:
  version "0.24.1"
  resolved "https://registry.yarnpkg.com/ramda/-/ramda-0.24.1.tgz#c3b7755197f35b8dc3502228262c4c91ddb6b857"

redis-commands@^1.2.0:
  version "1.4.0"
  resolved "https://registry.yarnpkg.com/redis-commands/-/redis-commands-1.4.0.tgz#52f9cf99153efcce56a8f86af986bd04e988602f"

redis-parser@^2.6.0:
  version "2.6.0"
  resolved "https://registry.yarnpkg.com/redis-parser/-/redis-parser-2.6.0.tgz#52ed09dacac108f1a631c07e9b69941e7a19504b"

redis@^2.8.0:
  version "2.8.0"
  resolved "https://registry.yarnpkg.com/redis/-/redis-2.8.0.tgz#202288e3f58c49f6079d97af7a10e1303ae14b02"
  dependencies:
    double-ended-queue "^2.1.0-0"
    redis-commands "^1.2.0"
    redis-parser "^2.6.0"

util-promisifyall@^1.0.4:
  version "1.0.4"
  resolved "https://registry.yarnpkg.com/util-promisifyall/-/util-promisifyall-1.0.4.tgz#82047e87e0637ca799b3480cd6ede3ddeedadf09"

yarn@^1.15.2:
  version "1.15.2"
  resolved "https://registry.yarnpkg.com/yarn/-/yarn-1.15.2.tgz#7a064ca81ca34235f16376ad2f796ed432f9e285"
